
Microsoft Visual Studio Solution File, Format Version 12.00
# Visual Studio 14
VisualStudioVersion = 14.0.25420.1
MinimumVisualStudioVersion = 10.0.40219.1
Project("{FAE04EC0-301F-11D3-BF4B-00C04F79EFBC}") = "SH.Web", "SH.Web\SH.Web.csproj", "{D22310D2-8A19-4317-B637-B889F7E6853C}"
EndProject
Project("{FAE04EC0-301F-11D3-BF4B-00C04F79EFBC}") = "SH.Models", "SH.Models\SH.Models.csproj", "{E1F32D03-FCA7-402B-B393-0A7ECC216214}"
EndProject
Project("{FAE04EC0-301F-11D3-BF4B-00C04F79EFBC}") = "SH.Contracts", "SH.Contracts\SH.Contracts.csproj", "{55AB044F-1FF1-4AC2-BD4F-AF980375CB6A}"
EndProject
Project("{FAE04EC0-301F-11D3-BF4B-00C04F79EFBC}") = "SH.Api", "SH.Api\SH.Api.csproj", "{7DED0C18-4229-4FEE-AC8B-253BE781F19B}"
EndProject
Project("{2150E333-8FDC-42A3-9474-1A3956D46DE8}") = "Sources", "Sources", "{F7C7D5CD-FD2A-4A7D-9298-511290B0F223}"
EndProject
Project("{2150E333-8FDC-42A3-9474-1A3956D46DE8}") = "Writers", "Writers", "{3287D8AE-B87A-45D0-AE04-D00722163C7A}"
EndProject
Project("{2150E333-8FDC-42A3-9474-1A3956D46DE8}") = "DataFactory", "DataFactory", "{C20B4F68-1D60-41C7-BACD-6EC0C36FDF14}"
EndProject
Project("{FAE04EC0-301F-11D3-BF4B-00C04F79EFBC}") = "SH.DataFactory", "DataFactory\SH.DataFactory\SH.DataFactory.csproj", "{DD7D3C0E-B04D-41DA-978F-C3B4069C6527}"
EndProject
Project("{FAE04EC0-301F-11D3-BF4B-00C04F79EFBC}") = "TextFileWriter", "DataFactory\DataWriters\TextFileWriter\TextFileWriter.csproj", "{A425A741-2641-4C41-9F14-87A12771F910}"
EndProject
Project("{FAE04EC0-301F-11D3-BF4B-00C04F79EFBC}") = "WebSource", "DataFactory\DataSources\WebSource\WebSource.csproj", "{1EF12249-7D86-467A-B056-54ED87B12A28}"
EndProject
Project("{FAE04EC0-301F-11D3-BF4B-00C04F79EFBC}") = "SH.DataFactory.Contracts", "DataFactory\SH.DataFactory.Contracts\SH.DataFactory.Contracts.csproj", "{AD0FB9DD-E751-4DEE-8DD8-096D1528AADE}"
EndProject
Global
	GlobalSection(SolutionConfigurationPlatforms) = preSolution
		Debug|Any CPU = Debug|Any CPU
		Release|Any CPU = Release|Any CPU
	EndGlobalSection
	GlobalSection(ProjectConfigurationPlatforms) = postSolution
		{D22310D2-8A19-4317-B637-B889F7E6853C}.Debug|Any CPU.ActiveCfg = Debug|Any CPU
		{D22310D2-8A19-4317-B637-B889F7E6853C}.Debug|Any CPU.Build.0 = Debug|Any CPU
		{D22310D2-8A19-4317-B637-B889F7E6853C}.Release|Any CPU.ActiveCfg = Release|Any CPU
		{D22310D2-8A19-4317-B637-B889F7E6853C}.Release|Any CPU.Build.0 = Release|Any CPU
		{E1F32D03-FCA7-402B-B393-0A7ECC216214}.Debug|Any CPU.ActiveCfg = Debug|Any CPU
		{E1F32D03-FCA7-402B-B393-0A7ECC216214}.Debug|Any CPU.Build.0 = Debug|Any CPU
		{E1F32D03-FCA7-402B-B393-0A7ECC216214}.Release|Any CPU.ActiveCfg = Release|Any CPU
		{E1F32D03-FCA7-402B-B393-0A7ECC216214}.Release|Any CPU.Build.0 = Release|Any CPU
		{55AB044F-1FF1-4AC2-BD4F-AF980375CB6A}.Debug|Any CPU.ActiveCfg = Debug|Any CPU
		{55AB044F-1FF1-4AC2-BD4F-AF980375CB6A}.Debug|Any CPU.Build.0 = Debug|Any CPU
		{55AB044F-1FF1-4AC2-BD4F-AF980375CB6A}.Release|Any CPU.ActiveCfg = Release|Any CPU
		{55AB044F-1FF1-4AC2-BD4F-AF980375CB6A}.Release|Any CPU.Build.0 = Release|Any CPU
		{7DED0C18-4229-4FEE-AC8B-253BE781F19B}.Debug|Any CPU.ActiveCfg = Debug|Any CPU
		{7DED0C18-4229-4FEE-AC8B-253BE781F19B}.Debug|Any CPU.Build.0 = Debug|Any CPU
		{7DED0C18-4229-4FEE-AC8B-253BE781F19B}.Release|Any CPU.ActiveCfg = Release|Any CPU
		{7DED0C18-4229-4FEE-AC8B-253BE781F19B}.Release|Any CPU.Build.0 = Release|Any CPU
		{DD7D3C0E-B04D-41DA-978F-C3B4069C6527}.Debug|Any CPU.ActiveCfg = Debug|Any CPU
		{DD7D3C0E-B04D-41DA-978F-C3B4069C6527}.Debug|Any CPU.Build.0 = Debug|Any CPU
		{DD7D3C0E-B04D-41DA-978F-C3B4069C6527}.Release|Any CPU.ActiveCfg = Release|Any CPU
		{DD7D3C0E-B04D-41DA-978F-C3B4069C6527}.Release|Any CPU.Build.0 = Release|Any CPU
		{A425A741-2641-4C41-9F14-87A12771F910}.Debug|Any CPU.ActiveCfg = Debug|Any CPU
		{A425A741-2641-4C41-9F14-87A12771F910}.Debug|Any CPU.Build.0 = Debug|Any CPU
		{A425A741-2641-4C41-9F14-87A12771F910}.Release|Any CPU.ActiveCfg = Release|Any CPU
		{A425A741-2641-4C41-9F14-87A12771F910}.Release|Any CPU.Build.0 = Release|Any CPU
		{1EF12249-7D86-467A-B056-54ED87B12A28}.Debug|Any CPU.ActiveCfg = Debug|Any CPU
		{1EF12249-7D86-467A-B056-54ED87B12A28}.Debug|Any CPU.Build.0 = Debug|Any CPU
		{1EF12249-7D86-467A-B056-54ED87B12A28}.Release|Any CPU.ActiveCfg = Release|Any CPU
		{1EF12249-7D86-467A-B056-54ED87B12A28}.Release|Any CPU.Build.0 = Release|Any CPU
		{AD0FB9DD-E751-4DEE-8DD8-096D1528AADE}.Debug|Any CPU.ActiveCfg = Debug|Any CPU
		{AD0FB9DD-E751-4DEE-8DD8-096D1528AADE}.Debug|Any CPU.Build.0 = Debug|Any CPU
		{AD0FB9DD-E751-4DEE-8DD8-096D1528AADE}.Release|Any CPU.ActiveCfg = Release|Any CPU
		{AD0FB9DD-E751-4DEE-8DD8-096D1528AADE}.Release|Any CPU.Build.0 = Release|Any CPU
	EndGlobalSection
	GlobalSection(SolutionProperties) = preSolution
		HideSolutionNode = FALSE
	EndGlobalSection
	GlobalSection(NestedProjects) = preSolution
		{F7C7D5CD-FD2A-4A7D-9298-511290B0F223} = {C20B4F68-1D60-41C7-BACD-6EC0C36FDF14}
		{3287D8AE-B87A-45D0-AE04-D00722163C7A} = {C20B4F68-1D60-41C7-BACD-6EC0C36FDF14}
		{DD7D3C0E-B04D-41DA-978F-C3B4069C6527} = {C20B4F68-1D60-41C7-BACD-6EC0C36FDF14}
		{A425A741-2641-4C41-9F14-87A12771F910} = {3287D8AE-B87A-45D0-AE04-D00722163C7A}
		{1EF12249-7D86-467A-B056-54ED87B12A28} = {F7C7D5CD-FD2A-4A7D-9298-511290B0F223}
		{AD0FB9DD-E751-4DEE-8DD8-096D1528AADE} = {C20B4F68-1D60-41C7-BACD-6EC0C36FDF14}
	EndGlobalSection
EndGlobal
